
Microsoft Visual Studio Solution File, Format Version 12.00
# Visual Studio Version 16
VisualStudioVersion = 16.0.28922.388
MinimumVisualStudioVersion = 10.0.40219.1
Project("{FAE04EC0-301F-11D3-BF4B-00C04F79EFBC}") = "Program9", "Program9\Program9.csproj", "{773A90AC-DD19-4680-A707-9E6DAE519AFD}"
EndProject
Global
	GlobalSection(SolutionConfigurationPlatforms) = preSolution
		Debug|Any CPU = Debug|Any CPU
		Release|Any CPU = Release|Any CPU
	EndGlobalSection
	GlobalSection(ProjectConfigurationPlatforms) = postSolution
		{773A90AC-DD19-4680-A707-9E6DAE519AFD}.Debug|Any CPU.ActiveCfg = Debug|Any CPU
		{773A90AC-DD19-4680-A707-9E6DAE519AFD}.Debug|Any CPU.Build.0 = Debug|Any CPU
		{773A90AC-DD19-4680-A707-9E6DAE519AFD}.Release|Any CPU.ActiveCfg = Release|Any CPU
		{773A90AC-DD19-4680-A707-9E6DAE519AFD}.Release|Any CPU.Build.0 = Release|Any CPU
	EndGlobalSection
	GlobalSection(SolutionProperties) = preSolution
		HideSolutionNode = FALSE
	EndGlobalSection
	GlobalSection(ExtensibilityGlobals) = postSolution
		SolutionGuid = {E5E1AA46-9086-4263-ADBC-1EEBFA7A2DAF}
	EndGlobalSection
EndGlobal
